
Microsoft Visual Studio Solution File, Format Version 12.00
# Visual Studio Version 17
VisualStudioVersion = 17.5.002.0
MinimumVisualStudioVersion = 10.0.40219.1
Project("{9A19103F-16F7-4668-BE54-9A1E7A4F7556}") = "Task", "Task.csproj", "{43391352-057C-430C-BD2D-F0F551C32788}"
EndProject
Global
	GlobalSection(SolutionConfigurationPlatforms) = preSolution
		Debug|Any CPU = Debug|Any CPU
		Release|Any CPU = Release|Any CPU
	EndGlobalSection
	GlobalSection(ProjectConfigurationPlatforms) = postSolution
		{43391352-057C-430C-BD2D-F0F551C32788}.Debug|Any CPU.ActiveCfg = Debug|Any CPU
		{43391352-057C-430C-BD2D-F0F551C32788}.Debug|Any CPU.Build.0 = Debug|Any CPU
		{43391352-057C-430C-BD2D-F0F551C32788}.Release|Any CPU.ActiveCfg = Release|Any CPU
		{43391352-057C-430C-BD2D-F0F551C32788}.Release|Any CPU.Build.0 = Release|Any CPU
	EndGlobalSection
	GlobalSection(SolutionProperties) = preSolution
		HideSolutionNode = FALSE
	EndGlobalSection
	GlobalSection(ExtensibilityGlobals) = postSolution
		SolutionGuid = {9285ED2D-FB83-4273-8002-6D552D54B614}
	EndGlobalSection
EndGlobal
